// !$*UTF8*$!
{
	archiveVersion = 1;
	classes = {
	};
	objectVersion = 46;
	objects = {

/* Begin PBXBuildFile section */
		486058F11A086C8A00AD132B /* AppDelegate.swift in Sources */ = {isa = PBXBuildFile; fileRef = 486058F01A086C8A00AD132B /* AppDelegate.swift */; };
		486058F41A086C8A00AD132B /* MadMapper.xcdatamodeld in Sources */ = {isa = PBXBuildFile; fileRef = 486058F21A086C8A00AD132B /* MadMapper.xcdatamodeld */; };
		486058F91A086C8A00AD132B /* Main.storyboard in Resources */ = {isa = PBXBuildFile; fileRef = 486058F71A086C8A00AD132B /* Main.storyboard */; };
		486058FB1A086C8A00AD132B /* Images.xcassets in Resources */ = {isa = PBXBuildFile; fileRef = 486058FA1A086C8A00AD132B /* Images.xcassets */; };
		486058FE1A086C8A00AD132B /* LaunchScreen.xib in Resources */ = {isa = PBXBuildFile; fileRef = 486058FC1A086C8A00AD132B /* LaunchScreen.xib */; };
		4860590A1A086C8A00AD132B /* MadMapperTests.swift in Sources */ = {isa = PBXBuildFile; fileRef = 486059091A086C8A00AD132B /* MadMapperTests.swift */; };
		48C9E1F81A093DEB00F0CA6A /* MapKit.framework in Frameworks */ = {isa = PBXBuildFile; fileRef = 48C9E1F71A093DEB00F0CA6A /* MapKit.framework */; };
		48C9E1FA1A093E5F00F0CA6A /* MapVC.swift in Sources */ = {isa = PBXBuildFile; fileRef = 48C9E1F91A093E5F00F0CA6A /* MapVC.swift */; };
		48C9E1FD1A09B13900F0CA6A /* earth-america-7.png in Resources */ = {isa = PBXBuildFile; fileRef = 48C9E1FC1A09B13900F0CA6A /* earth-america-7.png */; };
		48C9E1FF1A09B2CE00F0CA6A /* AddReminderVC.swift in Sources */ = {isa = PBXBuildFile; fileRef = 48C9E1FE1A09B2CE00F0CA6A /* AddReminderVC.swift */; };
/* End PBXBuildFile section */

/* Begin PBXContainerItemProxy section */
		486059041A086C8A00AD132B /* PBXContainerItemProxy */ = {
			isa = PBXContainerItemProxy;
			containerPortal = 486058E31A086C8A00AD132B /* Project object */;
			proxyType = 1;
			remoteGlobalIDString = 486058EA1A086C8A00AD132B;
			remoteInfo = MadMapper;
		};
/* End PBXContainerItemProxy section */

/* Begin PBXFileReference section */
		486058EB1A086C8A00AD132B /* MadMapper.app */ = {isa = PBXFileReference; explicitFileType = wrapper.application; includeInIndex = 0; path = MadMapper.app; sourceTree = BUILT_PRODUCTS_DIR; };
		486058EF1A086C8A00AD132B /* Info.plist */ = {isa = PBXFileReference; lastKnownFileType = text.plist.xml; path = Info.plist; sourceTree = "<group>"; };
		486058F01A086C8A00AD132B /* AppDelegate.swift */ = {isa = PBXFileReference; lastKnownFileType = sourcecode.swift; path = AppDelegate.swift; sourceTree = "<group>"; };
		486058F31A086C8A00AD132B /* MadMapper.xcdatamodel */ = {isa = PBXFileReference; lastKnownFileType = wrapper.xcdatamodel; path = MadMapper.xcdatamodel; sourceTree = "<group>"; };
		486058F81A086C8A00AD132B /* Base */ = {isa = PBXFileReference; lastKnownFileType = file.storyboard; name = Base; path = Base.lproj/Main.storyboard; sourceTree = "<group>"; };
		486058FA1A086C8A00AD132B /* Images.xcassets */ = {isa = PBXFileReference; lastKnownFileType = folder.assetcatalog; path = Images.xcassets; sourceTree = "<group>"; };
		486058FD1A086C8A00AD132B /* Base */ = {isa = PBXFileReference; lastKnownFileType = file.xib; name = Base; path = Base.lproj/LaunchScreen.xib; sourceTree = "<group>"; };
		486059031A086C8A00AD132B /* MadMapperTests.xctest */ = {isa = PBXFileReference; explicitFileType = wrapper.cfbundle; includeInIndex = 0; path = MadMapperTests.xctest; sourceTree = BUILT_PRODUCTS_DIR; };
		486059081A086C8A00AD132B /* Info.plist */ = {isa = PBXFileReference; lastKnownFileType = text.plist.xml; path = Info.plist; sourceTree = "<group>"; };
		486059091A086C8A00AD132B /* MadMapperTests.swift */ = {isa = PBXFileReference; lastKnownFileType = sourcecode.swift; path = MadMapperTests.swift; sourceTree = "<group>"; };
		48C9E1F71A093DEB00F0CA6A /* MapKit.framework */ = {isa = PBXFileReference; lastKnownFileType = wrapper.framework; name = MapKit.framework; path = System/Library/Frameworks/MapKit.framework; sourceTree = SDKROOT; };
		48C9E1F91A093E5F00F0CA6A /* MapVC.swift */ = {isa = PBXFileReference; fileEncoding = 4; lastKnownFileType = sourcecode.swift; path = MapVC.swift; sourceTree = "<group>"; };
		48C9E1FC1A09B13900F0CA6A /* earth-america-7.png */ = {isa = PBXFileReference; lastKnownFileType = image.png; path = "earth-america-7.png"; sourceTree = "<group>"; };
		48C9E1FE1A09B2CE00F0CA6A /* AddReminderVC.swift */ = {isa = PBXFileReference; fileEncoding = 4; lastKnownFileType = sourcecode.swift; path = AddReminderVC.swift; sourceTree = "<group>"; };
/* End PBXFileReference section */

/* Begin PBXFrameworksBuildPhase section */
		486058E81A086C8A00AD132B /* Frameworks */ = {
			isa = PBXFrameworksBuildPhase;
			buildActionMask = 2147483647;
			files = (
				48C9E1F81A093DEB00F0CA6A /* MapKit.framework in Frameworks */,
			);
			runOnlyForDeploymentPostprocessing = 0;
		};
		486059001A086C8A00AD132B /* Frameworks */ = {
			isa = PBXFrameworksBuildPhase;
			buildActionMask = 2147483647;
			files = (
			);
			runOnlyForDeploymentPostprocessing = 0;
		};
/* End PBXFrameworksBuildPhase section */

/* Begin PBXGroup section */
		486058E21A086C8A00AD132B = {
			isa = PBXGroup;
			children = (
				48C9E1F71A093DEB00F0CA6A /* MapKit.framework */,
				486058ED1A086C8A00AD132B /* MadMapper */,
				486059061A086C8A00AD132B /* MadMapperTests */,
				486058EC1A086C8A00AD132B /* Products */,
			);
			sourceTree = "<group>";
		};
		486058EC1A086C8A00AD132B /* Products */ = {
			isa = PBXGroup;
			children = (
				486058EB1A086C8A00AD132B /* MadMapper.app */,
				486059031A086C8A00AD132B /* MadMapperTests.xctest */,
			);
			name = Products;
			sourceTree = "<group>";
		};
		486058ED1A086C8A00AD132B /* MadMapper */ = {
			isa = PBXGroup;
			children = (
				48C9E1FB1A093E6E00F0CA6A /* ViewControllers */,
				486058F01A086C8A00AD132B /* AppDelegate.swift */,
				486058F71A086C8A00AD132B /* Main.storyboard */,
				486058FA1A086C8A00AD132B /* Images.xcassets */,
				486058FC1A086C8A00AD132B /* LaunchScreen.xib */,
				486058F21A086C8A00AD132B /* MadMapper.xcdatamodeld */,
				486058EE1A086C8A00AD132B /* Supporting Files */,
			);
			path = MadMapper;
			sourceTree = "<group>";
		};
		486058EE1A086C8A00AD132B /* Supporting Files */ = {
			isa = PBXGroup;
			children = (
				486058EF1A086C8A00AD132B /* Info.plist */,
				48C9E1FC1A09B13900F0CA6A /* earth-america-7.png */,
			);
			name = "Supporting Files";
			sourceTree = "<group>";
		};
		486059061A086C8A00AD132B /* MadMapperTests */ = {
			isa = PBXGroup;
			children = (
				486059091A086C8A00AD132B /* MadMapperTests.swift */,
				486059071A086C8A00AD132B /* Supporting Files */,
			);
			path = MadMapperTests;
			sourceTree = "<group>";
		};
		486059071A086C8A00AD132B /* Supporting Files */ = {
			isa = PBXGroup;
			children = (
				486059081A086C8A00AD132B /* Info.plist */,
			);
			name = "Supporting Files";
			sourceTree = "<group>";
		};
		48C9E1FB1A093E6E00F0CA6A /* ViewControllers */ = {
			isa = PBXGroup;
			children = (
				48C9E1F91A093E5F00F0CA6A /* MapVC.swift */,
				48C9E1FE1A09B2CE00F0CA6A /* AddReminderVC.swift */,
			);
			name = ViewControllers;
			sourceTree = "<group>";
		};
/* End PBXGroup section */

/* Begin PBXNativeTarget section */
		486058EA1A086C8A00AD132B /* MadMapper */ = {
			isa = PBXNativeTarget;
			buildConfigurationList = 4860590D1A086C8A00AD132B /* Build configuration list for PBXNativeTarget "MadMapper" */;
			buildPhases = (
				486058E71A086C8A00AD132B /* Sources */,
				486058E81A086C8A00AD132B /* Frameworks */,
				486058E91A086C8A00AD132B /* Resources */,
			);
			buildRules = (
			);
			dependencies = (
			);
			name = MadMapper;
			productName = MadMapper;
			productReference = 486058EB1A086C8A00AD132B /* MadMapper.app */;
			productType = "com.apple.product-type.application";
		};
		486059021A086C8A00AD132B /* MadMapperTests */ = {
			isa = PBXNativeTarget;
			buildConfigurationList = 486059101A086C8A00AD132B /* Build configuration list for PBXNativeTarget "MadMapperTests" */;
			buildPhases = (
				486058FF1A086C8A00AD132B /* Sources */,
				486059001A086C8A00AD132B /* Frameworks */,
				486059011A086C8A00AD132B /* Resources */,
			);
			buildRules = (
			);
			dependencies = (
				486059051A086C8A00AD132B /* PBXTargetDependency */,
			);
			name = MadMapperTests;
			productName = MadMapperTests;
			productReference = 486059031A086C8A00AD132B /* MadMapperTests.xctest */;
			productType = "com.apple.product-type.bundle.unit-test";
		};
/* End PBXNativeTarget section */

/* Begin PBXProject section */
		486058E31A086C8A00AD132B /* Project object */ = {
			isa = PBXProject;
			attributes = {
				LastUpgradeCheck = 0610;
				ORGANIZATIONNAME = casecode;
				TargetAttributes = {
					486058EA1A086C8A00AD132B = {
						CreatedOnToolsVersion = 6.1;
						SystemCapabilities = {
							com.apple.Maps.iOS = {
								enabled = 1;
							};
						};
					};
					486059021A086C8A00AD132B = {
						CreatedOnToolsVersion = 6.1;
						TestTargetID = 486058EA1A086C8A00AD132B;
					};
				};
			};
			buildConfigurationList = 486058E61A086C8A00AD132B /* Build configuration list for PBXProject "MadMapper" */;
			compatibilityVersion = "Xcode 3.2";
			developmentRegion = English;
			hasScannedForEncodings = 0;
			knownRegions = (
				en,
				Base,
			);
			mainGroup = 486058E21A086C8A00AD132B;
			productRefGroup = 486058EC1A086C8A00AD132B /* Products */;
			projectDirPath = "";
			projectRoot = "";
			targets = (
				486058EA1A086C8A00AD132B /* MadMapper */,
				486059021A086C8A00AD132B /* MadMapperTests */,
			);
		};
/* End PBXProject section */

/* Begin PBXResourcesBuildPhase section */
		486058E91A086C8A00AD132B /* Resources */ = {
			isa = PBXResourcesBuildPhase;
			buildActionMask = 2147483647;
			files = (
				486058F91A086C8A00AD132B /* Main.storyboard in Resources */,
				48C9E1FD1A09B13900F0CA6A /* earth-america-7.png in Resources */,
				486058FE1A086C8A00AD132B /* LaunchScreen.xib in Resources */,
				486058FB1A086C8A00AD132B /* Images.xcassets in Resources */,
			);
			runOnlyForDeploymentPostprocessing = 0;
		};
		486059011A086C8A00AD132B /* Resources */ = {
			isa = PBXResourcesBuildPhase;
			buildActionMask = 2147483647;
			files = (
			);
			runOnlyForDeploymentPostprocessing = 0;
		};
/* End PBXResourcesBuildPhase section */

/* Begin PBXSourcesBuildPhase section */
		486058E71A086C8A00AD132B /* Sources */ = {
			isa = PBXSourcesBuildPhase;
			buildActionMask = 2147483647;
			files = (
				486058F11A086C8A00AD132B /* AppDelegate.swift in Sources */,
				48C9E1FA1A093E5F00F0CA6A /* MapVC.swift in Sources */,
				48C9E1FF1A09B2CE00F0CA6A /* AddReminderVC.swift in Sources */,
				486058F41A086C8A00AD132B /* MadMapper.xcdatamodeld in Sources */,
			);
			runOnlyForDeploymentPostprocessing = 0;
		};
		486058FF1A086C8A00AD132B /* Sources */ = {
			isa = PBXSourcesBuildPhase;
			buildActionMask = 2147483647;
			files = (
				4860590A1A086C8A00AD132B /* MadMapperTests.swift in Sources */,
			);
			runOnlyForDeploymentPostprocessing = 0;
		};
/* End PBXSourcesBuildPhase section */

/* Begin PBXTargetDependency section */
		486059051A086C8A00AD132B /* PBXTargetDependency */ = {
			isa = PBXTargetDependency;
			target = 486058EA1A086C8A00AD132B /* MadMapper */;
			targetProxy = 486059041A086C8A00AD132B /* PBXContainerItemProxy */;
		};
/* End PBXTargetDependency section */

/* Begin PBXVariantGroup section */
		486058F71A086C8A00AD132B /* Main.storyboard */ = {
			isa = PBXVariantGroup;
			children = (
				486058F81A086C8A00AD132B /* Base */,
			);
			name = Main.storyboard;
			sourceTree = "<group>";
		};
		486058FC1A086C8A00AD132B /* LaunchScreen.xib */ = {
			isa = PBXVariantGroup;
			children = (
				486058FD1A086C8A00AD132B /* Base */,
			);
			name = LaunchScreen.xib;
			sourceTree = "<group>";
		};
/* End PBXVariantGroup section */

/* Begin XCBuildConfiguration section */
		4860590B1A086C8A00AD132B /* Debug */ = {
			isa = XCBuildConfiguration;
			buildSettings = {
				ALWAYS_SEARCH_USER_PATHS = NO;
				CLANG_CXX_LANGUAGE_STANDARD = "gnu++0x";
				CLANG_CXX_LIBRARY = "libc++";
				CLANG_ENABLE_MODULES = YES;
				CLANG_ENABLE_OBJC_ARC = YES;
				CLANG_WARN_BOOL_CONVERSION = YES;
				CLANG_WARN_CONSTANT_CONVERSION = YES;
				CLANG_WARN_DIRECT_OBJC_ISA_USAGE = YES_ERROR;
				CLANG_WARN_EMPTY_BODY = YES;
				CLANG_WARN_ENUM_CONVERSION = YES;
				CLANG_WARN_INT_CONVERSION = YES;
				CLANG_WARN_OBJC_ROOT_CLASS = YES_ERROR;
				CLANG_WARN_UNREACHABLE_CODE = YES;
				CLANG_WARN__DUPLICATE_METHOD_MATCH = YES;
				"CODE_SIGN_IDENTITY[sdk=iphoneos*]" = "iPhone Developer";
				COPY_PHASE_STRIP = NO;
				ENABLE_STRICT_OBJC_MSGSEND = YES;
				GCC_C_LANGUAGE_STANDARD = gnu99;
				GCC_DYNAMIC_NO_PIC = NO;
				GCC_OPTIMIZATION_LEVEL = 0;
				GCC_PREPROCESSOR_DEFINITIONS = (
					"DEBUG=1",
					"$(inherited)",
				);
				GCC_SYMBOLS_PRIVATE_EXTERN = NO;
				GCC_WARN_64_TO_32_BIT_CONVERSION = YES;
				GCC_WARN_ABOUT_RETURN_TYPE = YES_ERROR;
				GCC_WARN_UNDECLARED_SELECTOR = YES;
				GCC_WARN_UNINITIALIZED_AUTOS = YES_AGGRESSIVE;
				GCC_WARN_UNUSED_FUNCTION = YES;
				GCC_WARN_UNUSED_VARIABLE = YES;
				IPHONEOS_DEPLOYMENT_TARGET = 8.1;
				MTL_ENABLE_DEBUG_INFO = YES;
				ONLY_ACTIVE_ARCH = YES;
				SDKROOT = iphoneos;
				SWIFT_OPTIMIZATION_LEVEL = "-Onone";
				TARGETED_DEVICE_FAMILY = "1,2";
			};
			name = Debug;
		};
		4860590C1A086C8A00AD132B /* Release */ = {
			isa = XCBuildConfiguration;
			buildSettings = {
				ALWAYS_SEARCH_USER_PATHS = NO;
				CLANG_CXX_LANGUAGE_STANDARD = "gnu++0x";
				CLANG_CXX_LIBRARY = "libc++";
				CLANG_ENABLE_MODULES = YES;
				CLANG_ENABLE_OBJC_ARC = YES;
				CLANG_WARN_BOOL_CONVERSION = YES;
				CLANG_WARN_CONSTANT_CONVERSION = YES;
				CLANG_WARN_DIRECT_OBJC_ISA_USAGE = YES_ERROR;
				CLANG_WARN_EMPTY_BODY = YES;
				CLANG_WARN_ENUM_CONVERSION = YES;
				CLANG_WARN_INT_CONVERSION = YES;
				CLANG_WARN_OBJC_ROOT_CLASS = YES_ERROR;
				CLANG_WARN_UNREACHABLE_CODE = YES;
				CLANG_WARN__DUPLICATE_METHOD_MATCH = YES;
				"CODE_SIGN_IDENTITY[sdk=iphoneos*]" = "iPhone Developer";
				COPY_PHASE_STRIP = YES;
				ENABLE_NS_ASSERTIONS = NO;
				ENABLE_STRICT_OBJC_MSGSEND = YES;
				GCC_C_LANGUAGE_STANDARD = gnu99;
				GCC_WARN_64_TO_32_BIT_CONVERSION = YES;
				GCC_WARN_ABOUT_RETURN_TYPE = YES_ERROR;
				GCC_WARN_UNDECLARED_SELECTOR = YES;
				GCC_WARN_UNINITIALIZED_AUTOS = YES_AGGRESSIVE;
				GCC_WARN_UNUSED_FUNCTION = YES;
				GCC_WARN_UNUSED_VARIABLE = YES;
				IPHONEOS_DEPLOYMENT_TARGET = 8.1;
				MTL_ENABLE_DEBUG_INFO = NO;
				SDKROOT = iphoneos;
				TARGETED_DEVICE_FAMILY = "1,2";
				VALIDATE_PRODUCT = YES;
			};
			name = Release;
		};
		4860590E1A086C8A00AD132B /* Debug */ = {
			isa = XCBuildConfiguration;
			buildSettings = {
				ASSETCATALOG_COMPILER_APPICON_NAME = AppIcon;
				INFOPLIST_FILE = MadMapper/Info.plist;
				LD_RUNPATH_SEARCH_PATHS = "$(inherited) @executable_path/Frameworks";
				PRODUCT_NAME = "$(TARGET_NAME)";
			};
			name = Debug;
		};
		4860590F1A086C8A00AD132B /* Release */ = {
			isa = XCBuildConfiguration;
			buildSettings = {
				ASSETCATALOG_COMPILER_APPICON_NAME = AppIcon;
				INFOPLIST_FILE = MadMapper/Info.plist;
				LD_RUNPATH_SEARCH_PATHS = "$(inherited) @executable_path/Frameworks";
				PRODUCT_NAME = "$(TARGET_NAME)";
			};
			name = Release;
		};
		486059111A086C8A00AD132B /* Debug */ = {
			isa = XCBuildConfiguration;
			buildSettings = {
				BUNDLE_LOADER = "$(TEST_HOST)";
				FRAMEWORK_SEARCH_PATHS = (
					"$(SDKROOT)/Developer/Library/Frameworks",
					"$(inherited)",
				);
				GCC_PREPROCESSOR_DEFINITIONS = (
					"DEBUG=1",
					"$(inherited)",
				);
				INFOPLIST_FILE = MadMapperTests/Info.plist;
				LD_RUNPATH_SEARCH_PATHS = "$(inherited) @executable_path/Frameworks @loader_path/Frameworks";
				PRODUCT_NAME = "$(TARGET_NAME)";
				TEST_HOST = "$(BUILT_PRODUCTS_DIR)/MadMapper.app/MadMapper";
			};
			name = Debug;
		};
		486059121A086C8A00AD132B /* Release */ = {
			isa = XCBuildConfiguration;
			buildSettings = {
				BUNDLE_LOADER = "$(TEST_HOST)";
				FRAMEWORK_SEARCH_PATHS = (
					"$(SDKROOT)/Developer/Library/Frameworks",
					"$(inherited)",
				);
				INFOPLIST_FILE = MadMapperTests/Info.plist;
				LD_RUNPATH_SEARCH_PATHS = "$(inherited) @executable_path/Frameworks @loader_path/Frameworks";
				PRODUCT_NAME = "$(TARGET_NAME)";
				TEST_HOST = "$(BUILT_PRODUCTS_DIR)/MadMapper.app/MadMapper";
			};
			name = Release;
		};
/* End XCBuildConfiguration section */

/* Begin XCConfigurationList section */
		486058E61A086C8A00AD132B /* Build configuration list for PBXProject "MadMapper" */ = {
			isa = XCConfigurationList;
			buildConfigurations = (
				4860590B1A086C8A00AD132B /* Debug */,
				4860590C1A086C8A00AD132B /* Release */,
			);
			defaultConfigurationIsVisible = 0;
			defaultConfigurationName = Release;
		};
		4860590D1A086C8A00AD132B /* Build configuration list for PBXNativeTarget "MadMapper" */ = {
			isa = XCConfigurationList;
			buildConfigurations = (
				4860590E1A086C8A00AD132B /* Debug */,
				4860590F1A086C8A00AD132B /* Release */,
			);
			defaultConfigurationIsVisible = 0;
			defaultConfigurationName = Release;
		};
		486059101A086C8A00AD132B /* Build configuration list for PBXNativeTarget "MadMapperTests" */ = {
			isa = XCConfigurationList;
			buildConfigurations = (
				486059111A086C8A00AD132B /* Debug */,
				486059121A086C8A00AD132B /* Release */,
			);
			defaultConfigurationIsVisible = 0;
			defaultConfigurationName = Release;
		};
/* End XCConfigurationList section */

/* Begin XCVersionGroup section */
		486058F21A086C8A00AD132B /* MadMapper.xcdatamodeld */ = {
			isa = XCVersionGroup;
			children = (
				486058F31A086C8A00AD132B /* MadMapper.xcdatamodel */,
			);
			currentVersion = 486058F31A086C8A00AD132B /* MadMapper.xcdatamodel */;
			path = MadMapper.xcdatamodeld;
			sourceTree = "<group>";
			versionGroupType = wrapper.xcdatamodel;
		};
/* End XCVersionGroup section */
	};
	rootObject = 486058E31A086C8A00AD132B /* Project object */;
}
